
Microsoft Visual Studio Solution File, Format Version 12.00
# Visual Studio Version 16
VisualStudioVersion = 16.0.30907.101
MinimumVisualStudioVersion = 10.0.40219.1
Project("{FAE04EC0-301F-11D3-BF4B-00C04F79EFBC}") = "WebApplication7", "WebApplication7\WebApplication7.csproj", "{32778B76-7F1E-4B6F-B2E5-91EDE4AA3077}"
EndProject
Global
	GlobalSection(SolutionConfigurationPlatforms) = preSolution
		Debug|Any CPU = Debug|Any CPU
		Release|Any CPU = Release|Any CPU
	EndGlobalSection
	GlobalSection(ProjectConfigurationPlatforms) = postSolution
		{32778B76-7F1E-4B6F-B2E5-91EDE4AA3077}.Debug|Any CPU.ActiveCfg = Debug|Any CPU
		{32778B76-7F1E-4B6F-B2E5-91EDE4AA3077}.Debug|Any CPU.Build.0 = Debug|Any CPU
		{32778B76-7F1E-4B6F-B2E5-91EDE4AA3077}.Release|Any CPU.ActiveCfg = Release|Any CPU
		{32778B76-7F1E-4B6F-B2E5-91EDE4AA3077}.Release|Any CPU.Build.0 = Release|Any CPU
	EndGlobalSection
	GlobalSection(SolutionProperties) = preSolution
		HideSolutionNode = FALSE
	EndGlobalSection
	GlobalSection(ExtensibilityGlobals) = postSolution
		SolutionGuid = {81AB0872-7F82-4991-BA12-3F9D141CB858}
	EndGlobalSection
EndGlobal
